<?xml version="1.0" encoding="UTF-8"?>
<!DOCTYPE plist PUBLIC "-//Apple//DTD PLIST 1.0//EN" "http://www.apple.com/DTDs/PropertyList-1.0.dtd">
<plist version="1.0">
<dict>
	<key>archiveVersion</key>
	<string>1</string>
	<key>classes</key>
	<dict/>
	<key>objectVersion</key>
	<string>46</string>
	<key>objects</key>
	<dict>
		<key>0CCB2751DA434044A9382CB6</key>
		<dict>
			<key>explicitFileType</key>
			<string>archive.ar</string>
			<key>includeInIndex</key>
			<string>0</string>
			<key>isa</key>
			<string>PBXFileReference</string>
			<key>name</key>
			<string>libPods-Foo.a</string>
			<key>path</key>
			<string>libPods-Foo.a</string>
			<key>sourceTree</key>
			<string>BUILT_PRODUCTS_DIR</string>
		</dict>
		<key>13339923BAC64BF598BD6091</key>
		<dict>
			<key>buildActionMask</key>
			<string>2147483647</string>
			<key>files</key>
			<array/>
			<key>inputPaths</key>
			<array/>
			<key>isa</key>
			<string>PBXShellScriptBuildPhase</string>
			<key>name</key>
			<string>Check Pods Manifest.lock</string>
			<key>outputPaths</key>
			<array/>
			<key>runOnlyForDeploymentPostprocessing</key>
			<string>0</string>
			<key>shellPath</key>
			<string>/bin/sh</string>
			<key>shellScript</key>
			<string>diff "${PODS_ROOT}/../Podfile.lock" "${PODS_ROOT}/Manifest.lock" &gt; /dev/null
if [[ $? != 0 ]] ; then
    cat &lt;&lt; EOM
error: The sandbox is not in sync with the Podfile.lock. Run 'pod install' or update your CocoaPods installation.
EOM
    exit 1
fi
</string>
			<key>showEnvVarsInLog</key>
			<string>1</string>
		</dict>
		<key>15A328BC1738242700DB6B7E</key>
		<dict>
			<key>children</key>
			<array>
				<string>15A328D01738242700DB6B7E</string>
				<string>15A328FE1738242800DB6B7E</string>
				<string>15A328C71738242700DB6B7E</string>
				<string>15A328C61738242700DB6B7E</string>
				<string>E42A6AF062ED43588B1603E4</string>
				<string>27C6B23D1EE7499FA88474BB</string>
			</array>
			<key>isa</key>
			<string>PBXGroup</string>
			<key>sourceTree</key>
			<string>&lt;group&gt;</string>
		</dict>
		<key>15A328BD1738242700DB6B7E</key>
		<dict>
			<key>attributes</key>
			<dict>
				<key>LastUpgradeCheck</key>
				<string>0460</string>
				<key>ORGANIZATIONNAME</key>
				<string>GoVIP</string>
			</dict>
			<key>buildConfigurationList</key>
			<string>15A328C01738242700DB6B7E</string>
			<key>compatibilityVersion</key>
			<string>Xcode 3.2</string>
			<key>developmentRegion</key>
			<string>English</string>
			<key>hasScannedForEncodings</key>
			<string>0</string>
			<key>isa</key>
			<string>PBXProject</string>
			<key>knownRegions</key>
			<array>
				<string>en</string>
			</array>
			<key>mainGroup</key>
			<string>15A328BC1738242700DB6B7E</string>
			<key>productRefGroup</key>
			<string>15A328C61738242700DB6B7E</string>
			<key>projectDirPath</key>
			<string></string>
			<key>projectReferences</key>
			<array/>
			<key>projectRoot</key>
			<string></string>
			<key>targets</key>
			<array>
				<string>15A328C41738242700DB6B7E</string>
				<string>15A328F51738242800DB6B7E</string>
			</array>
		</dict>
		<key>15A328C01738242700DB6B7E</key>
		<dict>
			<key>buildConfigurations</key>
			<array>
				<string>15A329071738242800DB6B7E</string>
				<string>15A329081738242800DB6B7E</string>
			</array>
			<key>defaultConfigurationIsVisible</key>
			<string>0</string>
			<key>defaultConfigurationName</key>
			<string>Release</string>
			<key>isa</key>
			<string>XCConfigurationList</string>
		</dict>
		<key>15A328C11738242700DB6B7E</key>
		<dict>
			<key>buildActionMask</key>
			<string>2147483647</string>
			<key>files</key>
			<array>
				<string>15A328D71738242700DB6B7E</string>
				<string>15A328DB1738242700DB6B7E</string>
				<string>15A328EA1738242800DB6B7E</string>
				<string>15A328ED1738242800DB6B7E</string>
				<string>15A328F01738242800DB6B7E</string>
			</array>
			<key>isa</key>
			<string>PBXSourcesBuildPhase</string>
			<key>runOnlyForDeploymentPostprocessing</key>
			<string>0</string>
		</dict>
		<key>15A328C21738242700DB6B7E</key>
		<dict>
			<key>buildActionMask</key>
			<string>2147483647</string>
			<key>files</key>
			<array>
				<string>15A328C91738242700DB6B7E</string>
				<string>15A328CB1738242700DB6B7E</string>
				<string>15A328CD1738242700DB6B7E</string>
				<string>15A328CF1738242700DB6B7E</string>
				<string>3A34FA8106E4400ABDEE903A</string>
			</array>
			<key>isa</key>
			<string>PBXFrameworksBuildPhase</string>
			<key>runOnlyForDeploymentPostprocessing</key>
			<string>0</string>
		</dict>
		<key>15A328C31738242700DB6B7E</key>
		<dict>
			<key>buildActionMask</key>
			<string>2147483647</string>
			<key>files</key>
			<array>
				<string>15A328D51738242700DB6B7E</string>
				<string>15A328DD1738242700DB6B7E</string>
				<string>15A328DF1738242700DB6B7E</string>
				<string>15A328E11738242700DB6B7E</string>
				<string>15A328E41738242700DB6B7E</string>
				<string>15A328E71738242800DB6B7E</string>
			</array>
			<key>isa</key>
			<string>PBXResourcesBuildPhase</string>
			<key>runOnlyForDeploymentPostprocessing</key>
			<string>0</string>
		</dict>
		<key>15A328C41738242700DB6B7E</key>
		<dict>
			<key>buildConfigurationList</key>
			<string>15A329091738242800DB6B7E</string>
			<key>buildPhases</key>
			<array>
				<string>E87D65B94026449AA297880E</string>
				<string>15A328C11738242700DB6B7E</string>
				<string>15A328C21738242700DB6B7E</string>
				<string>15A328C31738242700DB6B7E</string>
				<string>B657310646D24AAB9EF6370C</string>
			</array>
			<key>buildRules</key>
			<array/>
			<key>dependencies</key>
			<array/>
			<key>isa</key>
			<string>PBXNativeTarget</string>
			<key>name</key>
			<string>Foo</string>
			<key>productName</key>
			<string>Foo</string>
			<key>productReference</key>
			<string>15A328C51738242700DB6B7E</string>
			<key>productType</key>
			<string>com.apple.product-type.application</string>
		</dict>
		<key>15A328C51738242700DB6B7E</key>
		<dict>
			<key>explicitFileType</key>
			<string>wrapper.application</string>
			<key>includeInIndex</key>
			<string>0</string>
			<key>isa</key>
			<string>PBXFileReference</string>
			<key>path</key>
			<string>Foo.app</string>
			<key>sourceTree</key>
			<string>BUILT_PRODUCTS_DIR</string>
		</dict>
		<key>15A328C61738242700DB6B7E</key>
		<dict>
			<key>children</key>
			<array>
				<string>15A328C51738242700DB6B7E</string>
				<string>15A328F61738242800DB6B7E</string>
			</array>
			<key>isa</key>
			<string>PBXGroup</string>
			<key>name</key>
			<string>Products</string>
			<key>sourceTree</key>
			<string>&lt;group&gt;</string>
		</dict>
		<key>15A328C71738242700DB6B7E</key>
		<dict>
			<key>children</key>
			<array>
				<string>15A328C81738242700DB6B7E</string>
				<string>15A328CA1738242700DB6B7E</string>
				<string>15A328CC1738242700DB6B7E</string>
				<string>15A328CE1738242700DB6B7E</string>
				<string>15A328F71738242800DB6B7E</string>
				<string>0CCB2751DA434044A9382CB6</string>
				<string>63417FE0796843B9AF47E1D3</string>
			</array>
			<key>isa</key>
			<string>PBXGroup</string>
			<key>name</key>
			<string>Frameworks</string>
			<key>sourceTree</key>
			<string>&lt;group&gt;</string>
		</dict>
		<key>15A328C81738242700DB6B7E</key>
		<dict>
			<key>isa</key>
			<string>PBXFileReference</string>
			<key>lastKnownFileType</key>
			<string>wrapper.framework</string>
			<key>name</key>
			<string>UIKit.framework</string>
			<key>path</key>
			<string>System/Library/Frameworks/UIKit.framework</string>
			<key>sourceTree</key>
			<string>SDKROOT</string>
		</dict>
		<key>15A328C91738242700DB6B7E</key>
		<dict>
			<key>fileRef</key>
			<string>15A328C81738242700DB6B7E</string>
			<key>isa</key>
			<string>PBXBuildFile</string>
		</dict>
		<key>15A328CA1738242700DB6B7E</key>
		<dict>
			<key>isa</key>
			<string>PBXFileReference</string>
			<key>lastKnownFileType</key>
			<string>wrapper.framework</string>
			<key>name</key>
			<string>Foundation.framework</string>
			<key>path</key>
			<string>System/Library/Frameworks/Foundation.framework</string>
			<key>sourceTree</key>
			<string>SDKROOT</string>
		</dict>
		<key>15A328CB1738242700DB6B7E</key>
		<dict>
			<key>fileRef</key>
			<string>15A328CA1738242700DB6B7E</string>
			<key>isa</key>
			<string>PBXBuildFile</string>
		</dict>
		<key>15A328CC1738242700DB6B7E</key>
		<dict>
			<key>isa</key>
			<string>PBXFileReference</string>
			<key>lastKnownFileType</key>
			<string>wrapper.framework</string>
			<key>name</key>
			<string>CoreGraphics.framework</string>
			<key>path</key>
			<string>System/Library/Frameworks/CoreGraphics.framework</string>
			<key>sourceTree</key>
			<string>SDKROOT</string>
		</dict>
		<key>15A328CD1738242700DB6B7E</key>
		<dict>
			<key>fileRef</key>
			<string>15A328CC1738242700DB6B7E</string>
			<key>isa</key>
			<string>PBXBuildFile</string>
		</dict>
		<key>15A328CE1738242700DB6B7E</key>
		<dict>
			<key>isa</key>
			<string>PBXFileReference</string>
			<key>lastKnownFileType</key>
			<string>wrapper.framework</string>
			<key>name</key>
			<string>CoreData.framework</string>
			<key>path</key>
			<string>System/Library/Frameworks/CoreData.framework</string>
			<key>sourceTree</key>
			<string>SDKROOT</string>
		</dict>
		<key>15A328CF1738242700DB6B7E</key>
		<dict>
			<key>fileRef</key>
			<string>15A328CE1738242700DB6B7E</string>
			<key>isa</key>
			<string>PBXBuildFile</string>
		</dict>
		<key>15A328D01738242700DB6B7E</key>
		<dict>
			<key>children</key>
			<array>
				<string>15A328D91738242700DB6B7E</string>
				<string>15A328DA1738242700DB6B7E</string>
				<string>15A328E21738242700DB6B7E</string>
				<string>15A328E51738242700DB6B7E</string>
				<string>15A328EB1738242800DB6B7E</string>
				<string>15A328EC1738242800DB6B7E</string>
				<string>15A328EE1738242800DB6B7E</string>
				<string>15A328EF1738242800DB6B7E</string>
				<string>15A328E81738242800DB6B7E</string>
				<string>15A328D11738242700DB6B7E</string>
			</array>
			<key>isa</key>
			<string>PBXGroup</string>
			<key>path</key>
			<string>Foo</string>
			<key>sourceTree</key>
			<string>&lt;group&gt;</string>
		</dict>
		<key>15A328D11738242700DB6B7E</key>
		<dict>
			<key>children</key>
			<array>
				<string>15A328D21738242700DB6B7E</string>
				<string>15A328D31738242700DB6B7E</string>
				<string>15A328D61738242700DB6B7E</string>
				<string>15A328D81738242700DB6B7E</string>
				<string>15A328DC1738242700DB6B7E</string>
				<string>15A328DE1738242700DB6B7E</string>
				<string>15A328E01738242700DB6B7E</string>
			</array>
			<key>isa</key>
			<string>PBXGroup</string>
			<key>name</key>
			<string>Supporting Files</string>
			<key>sourceTree</key>
			<string>&lt;group&gt;</string>
		</dict>
		<key>15A328D21738242700DB6B7E</key>
		<dict>
			<key>isa</key>
			<string>PBXFileReference</string>
			<key>lastKnownFileType</key>
			<string>text.plist.xml</string>
			<key>path</key>
			<string>Foo-Info.plist</string>
			<key>sourceTree</key>
			<string>&lt;group&gt;</string>
		</dict>
		<key>15A328D31738242700DB6B7E</key>
		<dict>
			<key>children</key>
			<array>
				<string>15A328D41738242700DB6B7E</string>
			</array>
			<key>isa</key>
			<string>PBXVariantGroup</string>
			<key>name</key>
			<string>InfoPlist.strings</string>
			<key>sourceTree</key>
			<string>&lt;group&gt;</string>
		</dict>
		<key>15A328D41738242700DB6B7E</key>
		<dict>
			<key>isa</key>
			<string>PBXFileReference</string>
			<key>lastKnownFileType</key>
			<string>text.plist.strings</string>
			<key>name</key>
			<string>en</string>
			<key>path</key>
			<string>en.lproj/InfoPlist.strings</string>
			<key>sourceTree</key>
			<string>&lt;group&gt;</string>
		</dict>
		<key>15A328D51738242700DB6B7E</key>
		<dict>
			<key>fileRef</key>
			<string>15A328D31738242700DB6B7E</string>
			<key>isa</key>
			<string>PBXBuildFile</string>
		</dict>
		<key>15A328D61738242700DB6B7E</key>
		<dict>
			<key>isa</key>
			<string>PBXFileReference</string>
			<key>lastKnownFileType</key>
			<string>sourcecode.c.objc</string>
			<key>path</key>
			<string>main.m</string>
			<key>sourceTree</key>
			<string>&lt;group&gt;</string>
		</dict>
		<key>15A328D71738242700DB6B7E</key>
		<dict>
			<key>fileRef</key>
			<string>15A328D61738242700DB6B7E</string>
			<key>isa</key>
			<string>PBXBuildFile</string>
		</dict>
		<key>15A328D81738242700DB6B7E</key>
		<dict>
			<key>isa</key>
			<string>PBXFileReference</string>
			<key>lastKnownFileType</key>
			<string>sourcecode.c.h</string>
			<key>path</key>
			<string>Foo-Prefix.pch</string>
			<key>sourceTree</key>
			<string>&lt;group&gt;</string>
		</dict>
		<key>15A328D91738242700DB6B7E</key>
		<dict>
			<key>isa</key>
			<string>PBXFileReference</string>
			<key>lastKnownFileType</key>
			<string>sourcecode.c.h</string>
			<key>path</key>
			<string>AppDelegate.h</string>
			<key>sourceTree</key>
			<string>&lt;group&gt;</string>
		</dict>
		<key>15A328DA1738242700DB6B7E</key>
		<dict>
			<key>isa</key>
			<string>PBXFileReference</string>
			<key>lastKnownFileType</key>
			<string>sourcecode.c.objc</string>
			<key>path</key>
			<string>AppDelegate.m</string>
			<key>sourceTree</key>
			<string>&lt;group&gt;</string>
		</dict>
		<key>15A328DB1738242700DB6B7E</key>
		<dict>
			<key>fileRef</key>
			<string>15A328DA1738242700DB6B7E</string>
			<key>isa</key>
			<string>PBXBuildFile</string>
		</dict>
		<key>15A328DC1738242700DB6B7E</key>
		<dict>
			<key>isa</key>
			<string>PBXFileReference</string>
			<key>lastKnownFileType</key>
			<string>image.png</string>
			<key>path</key>
			<string>Default.png</string>
			<key>sourceTree</key>
			<string>&lt;group&gt;</string>
		</dict>
		<key>15A328DD1738242700DB6B7E</key>
		<dict>
			<key>fileRef</key>
			<string>15A328DC1738242700DB6B7E</string>
			<key>isa</key>
			<string>PBXBuildFile</string>
		</dict>
		<key>15A328DE1738242700DB6B7E</key>
		<dict>
			<key>isa</key>
			<string>PBXFileReference</string>
			<key>lastKnownFileType</key>
			<string>image.png</string>
			<key>path</key>
			<string>Default@2x.png</string>
			<key>sourceTree</key>
			<string>&lt;group&gt;</string>
		</dict>
		<key>15A328DF1738242700DB6B7E</key>
		<dict>
			<key>fileRef</key>
			<string>15A328DE1738242700DB6B7E</string>
			<key>isa</key>
			<string>PBXBuildFile</string>
		</dict>
		<key>15A328E01738242700DB6B7E</key>
		<dict>
			<key>isa</key>
			<string>PBXFileReference</string>
			<key>lastKnownFileType</key>
			<string>image.png</string>
			<key>path</key>
			<string>Default-568h@2x.png</string>
			<key>sourceTree</key>
			<string>&lt;group&gt;</string>
		</dict>
		<key>15A328E11738242700DB6B7E</key>
		<dict>
			<key>fileRef</key>
			<string>15A328E01738242700DB6B7E</string>
			<key>isa</key>
			<string>PBXBuildFile</string>
		</dict>
		<key>15A328E21738242700DB6B7E</key>
		<dict>
			<key>children</key>
			<array>
				<string>15A328E31738242700DB6B7E</string>
			</array>
			<key>isa</key>
			<string>PBXVariantGroup</string>
			<key>name</key>
			<string>MainStoryboard_iPhone.storyboard</string>
			<key>sourceTree</key>
			<string>&lt;group&gt;</string>
		</dict>
		<key>15A328E31738242700DB6B7E</key>
		<dict>
			<key>isa</key>
			<string>PBXFileReference</string>
			<key>lastKnownFileType</key>
			<string>file.storyboard</string>
			<key>name</key>
			<string>en</string>
			<key>path</key>
			<string>en.lproj/MainStoryboard_iPhone.storyboard</string>
			<key>sourceTree</key>
			<string>&lt;group&gt;</string>
		</dict>
		<key>15A328E41738242700DB6B7E</key>
		<dict>
			<key>fileRef</key>
			<string>15A328E21738242700DB6B7E</string>
			<key>isa</key>
			<string>PBXBuildFile</string>
		</dict>
		<key>15A328E51738242700DB6B7E</key>
		<dict>
			<key>children</key>
			<array>
				<string>15A328E61738242800DB6B7E</string>
			</array>
			<key>isa</key>
			<string>PBXVariantGroup</string>
			<key>name</key>
			<string>MainStoryboard_iPad.storyboard</string>
			<key>sourceTree</key>
			<string>&lt;group&gt;</string>
		</dict>
		<key>15A328E61738242800DB6B7E</key>
		<dict>
			<key>isa</key>
			<string>PBXFileReference</string>
			<key>lastKnownFileType</key>
			<string>file.storyboard</string>
			<key>name</key>
			<string>en</string>
			<key>path</key>
			<string>en.lproj/MainStoryboard_iPad.storyboard</string>
			<key>sourceTree</key>
			<string>&lt;group&gt;</string>
		</dict>
		<key>15A328E71738242800DB6B7E</key>
		<dict>
			<key>fileRef</key>
			<string>15A328E51738242700DB6B7E</string>
			<key>isa</key>
			<string>PBXBuildFile</string>
		</dict>
		<key>15A328E81738242800DB6B7E</key>
		<dict>
			<key>children</key>
			<array>
				<string>15A328E91738242800DB6B7E</string>
			</array>
			<key>currentVersion</key>
			<string>15A328E91738242800DB6B7E</string>
			<key>isa</key>
			<string>XCVersionGroup</string>
			<key>path</key>
			<string>Foo.xcdatamodeld</string>
			<key>sourceTree</key>
			<string>&lt;group&gt;</string>
			<key>versionGroupType</key>
			<string>wrapper.xcdatamodel</string>
		</dict>
		<key>15A328E91738242800DB6B7E</key>
		<dict>
			<key>isa</key>
			<string>PBXFileReference</string>
			<key>lastKnownFileType</key>
			<string>wrapper.xcdatamodel</string>
			<key>path</key>
			<string>Foo.xcdatamodel</string>
			<key>sourceTree</key>
			<string>&lt;group&gt;</string>
		</dict>
		<key>15A328EA1738242800DB6B7E</key>
		<dict>
			<key>fileRef</key>
			<string>15A328E81738242800DB6B7E</string>
			<key>isa</key>
			<string>PBXBuildFile</string>
		</dict>
		<key>15A328EB1738242800DB6B7E</key>
		<dict>
			<key>isa</key>
			<string>PBXFileReference</string>
			<key>lastKnownFileType</key>
			<string>sourcecode.c.h</string>
			<key>path</key>
			<string>MasterViewController.h</string>
			<key>sourceTree</key>
			<string>&lt;group&gt;</string>
		</dict>
		<key>15A328EC1738242800DB6B7E</key>
		<dict>
			<key>isa</key>
			<string>PBXFileReference</string>
			<key>lastKnownFileType</key>
			<string>sourcecode.c.objc</string>
			<key>path</key>
			<string>MasterViewController.m</string>
			<key>sourceTree</key>
			<string>&lt;group&gt;</string>
		</dict>
		<key>15A328ED1738242800DB6B7E</key>
		<dict>
			<key>fileRef</key>
			<string>15A328EC1738242800DB6B7E</string>
			<key>isa</key>
			<string>PBXBuildFile</string>
		</dict>
		<key>15A328EE1738242800DB6B7E</key>
		<dict>
			<key>isa</key>
			<string>PBXFileReference</string>
			<key>lastKnownFileType</key>
			<string>sourcecode.c.h</string>
			<key>path</key>
			<string>DetailViewController.h</string>
			<key>sourceTree</key>
			<string>&lt;group&gt;</string>
		</dict>
		<key>15A328EF1738242800DB6B7E</key>
		<dict>
			<key>isa</key>
			<string>PBXFileReference</string>
			<key>lastKnownFileType</key>
			<string>sourcecode.c.objc</string>
			<key>path</key>
			<string>DetailViewController.m</string>
			<key>sourceTree</key>
			<string>&lt;group&gt;</string>
		</dict>
		<key>15A328F01738242800DB6B7E</key>
		<dict>
			<key>fileRef</key>
			<string>15A328EF1738242800DB6B7E</string>
			<key>isa</key>
			<string>PBXBuildFile</string>
		</dict>
		<key>15A328F11738242800DB6B7E</key>
		<dict>
			<key>buildActionMask</key>
			<string>2147483647</string>
			<key>files</key>
			<array>
				<string>15A329061738242800DB6B7E</string>
			</array>
			<key>isa</key>
			<string>PBXSourcesBuildPhase</string>
			<key>runOnlyForDeploymentPostprocessing</key>
			<string>0</string>
		</dict>
		<key>15A328F21738242800DB6B7E</key>
		<dict>
			<key>buildActionMask</key>
			<string>2147483647</string>
			<key>files</key>
			<array>
				<string>15A328F81738242800DB6B7E</string>
				<string>15A328F91738242800DB6B7E</string>
				<string>15A328FA1738242800DB6B7E</string>
				<string>15A328FB1738242800DB6B7E</string>
				<string>75AEF3AE179C4C0DA976E40C</string>
			</array>
			<key>isa</key>
			<string>PBXFrameworksBuildPhase</string>
			<key>runOnlyForDeploymentPostprocessing</key>
			<string>0</string>
		</dict>
		<key>15A328F31738242800DB6B7E</key>
		<dict>
			<key>buildActionMask</key>
			<string>2147483647</string>
			<key>files</key>
			<array>
				<string>15A329031738242800DB6B7E</string>
			</array>
			<key>isa</key>
			<string>PBXResourcesBuildPhase</string>
			<key>runOnlyForDeploymentPostprocessing</key>
			<string>0</string>
		</dict>
		<key>15A328F41738242800DB6B7E</key>
		<dict>
			<key>buildActionMask</key>
			<string>2147483647</string>
			<key>files</key>
			<array/>
			<key>inputPaths</key>
			<array/>
			<key>isa</key>
			<string>PBXShellScriptBuildPhase</string>
			<key>outputPaths</key>
			<array/>
			<key>runOnlyForDeploymentPostprocessing</key>
			<string>0</string>
			<key>shellPath</key>
			<string>/bin/sh</string>
			<key>shellScript</key>
			<string># Run the unit tests in this test bundle.
"${SYSTEM_DEVELOPER_DIR}/Tools/RunUnitTests"
</string>
		</dict>
		<key>15A328F51738242800DB6B7E</key>
		<dict>
			<key>buildConfigurationList</key>
			<string>15A3290C1738242800DB6B7E</string>
			<key>buildPhases</key>
			<array>
				<string>13339923BAC64BF598BD6091</string>
				<string>15A328F11738242800DB6B7E</string>
				<string>15A328F21738242800DB6B7E</string>
				<string>15A328F31738242800DB6B7E</string>
				<string>15A328F41738242800DB6B7E</string>
				<string>A7FDD79BE557490598A011FF</string>
			</array>
			<key>buildRules</key>
			<array/>
			<key>dependencies</key>
			<array>
				<string>15A328FD1738242800DB6B7E</string>
			</array>
			<key>isa</key>
			<string>PBXNativeTarget</string>
			<key>name</key>
			<string>FooTests</string>
			<key>productName</key>
			<string>FooTests</string>
			<key>productReference</key>
			<string>15A328F61738242800DB6B7E</string>
			<key>productType</key>
			<string>com.apple.product-type.bundle</string>
		</dict>
		<key>15A328F61738242800DB6B7E</key>
		<dict>
			<key>explicitFileType</key>
			<string>wrapper.cfbundle</string>
			<key>includeInIndex</key>
			<string>0</string>
			<key>isa</key>
			<string>PBXFileReference</string>
			<key>path</key>
			<string>FooTests.octest</string>
			<key>sourceTree</key>
			<string>BUILT_PRODUCTS_DIR</string>
		</dict>
		<key>15A328F71738242800DB6B7E</key>
		<dict>
			<key>isa</key>
			<string>PBXFileReference</string>
			<key>lastKnownFileType</key>
			<string>wrapper.framework</string>
			<key>name</key>
			<string>SenTestingKit.framework</string>
			<key>path</key>
			<string>Library/Frameworks/SenTestingKit.framework</string>
			<key>sourceTree</key>
			<string>DEVELOPER_DIR</string>
		</dict>
		<key>15A328F81738242800DB6B7E</key>
		<dict>
			<key>fileRef</key>
			<string>15A328F71738242800DB6B7E</string>
			<key>isa</key>
			<string>PBXBuildFile</string>
		</dict>
		<key>15A328F91738242800DB6B7E</key>
		<dict>
			<key>fileRef</key>
			<string>15A328C81738242700DB6B7E</string>
			<key>isa</key>
			<string>PBXBuildFile</string>
		</dict>
		<key>15A328FA1738242800DB6B7E</key>
		<dict>
			<key>fileRef</key>
			<string>15A328CA1738242700DB6B7E</string>
			<key>isa</key>
			<string>PBXBuildFile</string>
		</dict>
		<key>15A328FB1738242800DB6B7E</key>
		<dict>
			<key>fileRef</key>
			<string>15A328CE1738242700DB6B7E</string>
			<key>isa</key>
			<string>PBXBuildFile</string>
		</dict>
		<key>15A328FC1738242800DB6B7E</key>
		<dict>
			<key>containerPortal</key>
			<string>15A328BD1738242700DB6B7E</string>
			<key>isa</key>
			<string>PBXContainerItemProxy</string>
			<key>proxyType</key>
			<string>1</string>
			<key>remoteGlobalIDString</key>
			<string>15A328C41738242700DB6B7E</string>
			<key>remoteInfo</key>
			<string>Foo</string>
		</dict>
		<key>15A328FD1738242800DB6B7E</key>
		<dict>
			<key>isa</key>
			<string>PBXTargetDependency</string>
			<key>target</key>
			<string>15A328C41738242700DB6B7E</string>
			<key>targetProxy</key>
			<string>15A328FC1738242800DB6B7E</string>
		</dict>
		<key>15A328FE1738242800DB6B7E</key>
		<dict>
			<key>children</key>
			<array>
				<string>15A329041738242800DB6B7E</string>
				<string>15A329051738242800DB6B7E</string>
				<string>15A328FF1738242800DB6B7E</string>
			</array>
			<key>isa</key>
			<string>PBXGroup</string>
			<key>path</key>
			<string>FooTests</string>
			<key>sourceTree</key>
			<string>&lt;group&gt;</string>
		</dict>
		<key>15A328FF1738242800DB6B7E</key>
		<dict>
			<key>children</key>
			<array>
				<string>15A329001738242800DB6B7E</string>
				<string>15A329011738242800DB6B7E</string>
			</array>
			<key>isa</key>
			<string>PBXGroup</string>
			<key>name</key>
			<string>Supporting Files</string>
			<key>sourceTree</key>
			<string>&lt;group&gt;</string>
		</dict>
		<key>15A329001738242800DB6B7E</key>
		<dict>
			<key>isa</key>
			<string>PBXFileReference</string>
			<key>lastKnownFileType</key>
			<string>text.plist.xml</string>
			<key>path</key>
			<string>FooTests-Info.plist</string>
			<key>sourceTree</key>
			<string>&lt;group&gt;</string>
		</dict>
		<key>15A329011738242800DB6B7E</key>
		<dict>
			<key>children</key>
			<array>
				<string>15A329021738242800DB6B7E</string>
			</array>
			<key>isa</key>
			<string>PBXVariantGroup</string>
			<key>name</key>
			<string>InfoPlist.strings</string>
			<key>sourceTree</key>
			<string>&lt;group&gt;</string>
		</dict>
		<key>15A329021738242800DB6B7E</key>
		<dict>
			<key>isa</key>
			<string>PBXFileReference</string>
			<key>lastKnownFileType</key>
			<string>text.plist.strings</string>
			<key>name</key>
			<string>en</string>
			<key>path</key>
			<string>en.lproj/InfoPlist.strings</string>
			<key>sourceTree</key>
			<string>&lt;group&gt;</string>
		</dict>
		<key>15A329031738242800DB6B7E</key>
		<dict>
			<key>fileRef</key>
			<string>15A329011738242800DB6B7E</string>
			<key>isa</key>
			<string>PBXBuildFile</string>
		</dict>
		<key>15A329041738242800DB6B7E</key>
		<dict>
			<key>isa</key>
			<string>PBXFileReference</string>
			<key>lastKnownFileType</key>
			<string>sourcecode.c.h</string>
			<key>path</key>
			<string>FooTests.h</string>
			<key>sourceTree</key>
			<string>&lt;group&gt;</string>
		</dict>
		<key>15A329051738242800DB6B7E</key>
		<dict>
			<key>isa</key>
			<string>PBXFileReference</string>
			<key>lastKnownFileType</key>
			<string>sourcecode.c.objc</string>
			<key>path</key>
			<string>FooTests.m</string>
			<key>sourceTree</key>
			<string>&lt;group&gt;</string>
		</dict>
		<key>15A329061738242800DB6B7E</key>
		<dict>
			<key>fileRef</key>
			<string>15A329051738242800DB6B7E</string>
			<key>isa</key>
			<string>PBXBuildFile</string>
		</dict>
		<key>15A329071738242800DB6B7E</key>
		<dict>
			<key>buildSettings</key>
			<dict>
				<key>ALWAYS_SEARCH_USER_PATHS</key>
				<string>NO</string>
				<key>CLANG_CXX_LANGUAGE_STANDARD</key>
				<string>gnu++0x</string>
				<key>CLANG_CXX_LIBRARY</key>
				<string>libc++</string>
				<key>CLANG_ENABLE_OBJC_ARC</key>
				<string>YES</string>
				<key>CLANG_WARN_CONSTANT_CONVERSION</key>
				<string>YES</string>
				<key>CLANG_WARN_EMPTY_BODY</key>
				<string>YES</string>
				<key>CLANG_WARN_ENUM_CONVERSION</key>
				<string>YES</string>
				<key>CLANG_WARN_INT_CONVERSION</key>
				<string>YES</string>
				<key>CLANG_WARN__DUPLICATE_METHOD_MATCH</key>
				<string>YES</string>
				<key>CODE_SIGN_IDENTITY[sdk=iphoneos*]</key>
				<string>iPhone Developer</string>
				<key>COPY_PHASE_STRIP</key>
				<string>NO</string>
				<key>GCC_C_LANGUAGE_STANDARD</key>
				<string>gnu99</string>
				<key>GCC_DYNAMIC_NO_PIC</key>
				<string>NO</string>
				<key>GCC_OPTIMIZATION_LEVEL</key>
				<string>0</string>
				<key>GCC_PREPROCESSOR_DEFINITIONS</key>
				<array>
					<string>DEBUG=1</string>
					<string>$(inherited)</string>
				</array>
				<key>GCC_SYMBOLS_PRIVATE_EXTERN</key>
				<string>NO</string>
				<key>GCC_WARN_ABOUT_RETURN_TYPE</key>
				<string>YES</string>
				<key>GCC_WARN_UNINITIALIZED_AUTOS</key>
				<string>YES</string>
				<key>GCC_WARN_UNUSED_VARIABLE</key>
				<string>YES</string>
				<key>IPHONEOS_DEPLOYMENT_TARGET</key>
				<string>6.1</string>
				<key>ONLY_ACTIVE_ARCH</key>
				<string>YES</string>
				<key>SDKROOT</key>
				<string>iphoneos</string>
				<key>TARGETED_DEVICE_FAMILY</key>
				<string>1,2</string>
			</dict>
			<key>isa</key>
			<string>XCBuildConfiguration</string>
			<key>name</key>
			<string>Debug</string>
		</dict>
		<key>15A329081738242800DB6B7E</key>
		<dict>
			<key>buildSettings</key>
			<dict>
				<key>ALWAYS_SEARCH_USER_PATHS</key>
				<string>NO</string>
				<key>CLANG_CXX_LANGUAGE_STANDARD</key>
				<string>gnu++0x</string>
				<key>CLANG_CXX_LIBRARY</key>
				<string>libc++</string>
				<key>CLANG_ENABLE_OBJC_ARC</key>
				<string>YES</string>
				<key>CLANG_WARN_CONSTANT_CONVERSION</key>
				<string>YES</string>
				<key>CLANG_WARN_EMPTY_BODY</key>
				<string>YES</string>
				<key>CLANG_WARN_ENUM_CONVERSION</key>
				<string>YES</string>
				<key>CLANG_WARN_INT_CONVERSION</key>
				<string>YES</string>
				<key>CLANG_WARN__DUPLICATE_METHOD_MATCH</key>
				<string>YES</string>
				<key>CODE_SIGN_IDENTITY[sdk=iphoneos*]</key>
				<string>iPhone Developer</string>
				<key>COPY_PHASE_STRIP</key>
				<string>YES</string>
				<key>GCC_C_LANGUAGE_STANDARD</key>
				<string>gnu99</string>
				<key>GCC_WARN_ABOUT_RETURN_TYPE</key>
				<string>YES</string>
				<key>GCC_WARN_UNINITIALIZED_AUTOS</key>
				<string>YES</string>
				<key>GCC_WARN_UNUSED_VARIABLE</key>
				<string>YES</string>
				<key>IPHONEOS_DEPLOYMENT_TARGET</key>
				<string>6.1</string>
				<key>OTHER_CFLAGS</key>
				<string>-DNS_BLOCK_ASSERTIONS=1</string>
				<key>SDKROOT</key>
				<string>iphoneos</string>
				<key>TARGETED_DEVICE_FAMILY</key>
				<string>1,2</string>
				<key>VALIDATE_PRODUCT</key>
				<string>YES</string>
			</dict>
			<key>isa</key>
			<string>XCBuildConfiguration</string>
			<key>name</key>
			<string>Release</string>
		</dict>
		<key>15A329091738242800DB6B7E</key>
		<dict>
			<key>buildConfigurations</key>
			<array>
				<string>15A3290A1738242800DB6B7E</string>
				<string>15A3290B1738242800DB6B7E</string>
			</array>
			<key>defaultConfigurationIsVisible</key>
			<string>0</string>
			<key>isa</key>
			<string>XCConfigurationList</string>
		</dict>
		<key>15A3290A1738242800DB6B7E</key>
		<dict>
			<key>baseConfigurationReference</key>
			<string>E42A6AF062ED43588B1603E4</string>
			<key>buildSettings</key>
			<dict>
				<key>GCC_PRECOMPILE_PREFIX_HEADER</key>
				<string>YES</string>
				<key>GCC_PREFIX_HEADER</key>
				<string>Foo/Foo-Prefix.pch</string>
				<key>INFOPLIST_FILE</key>
				<string>Foo/Foo-Info.plist</string>
				<key>PRODUCT_NAME</key>
				<string>$(TARGET_NAME)</string>
				<key>WRAPPER_EXTENSION</key>
				<string>app</string>
			</dict>
			<key>isa</key>
			<string>XCBuildConfiguration</string>
			<key>name</key>
			<string>Debug</string>
		</dict>
		<key>15A3290B1738242800DB6B7E</key>
		<dict>
			<key>baseConfigurationReference</key>
			<string>E42A6AF062ED43588B1603E4</string>
			<key>buildSettings</key>
			<dict>
				<key>GCC_PRECOMPILE_PREFIX_HEADER</key>
				<string>YES</string>
				<key>GCC_PREFIX_HEADER</key>
				<string>Foo/Foo-Prefix.pch</string>
				<key>INFOPLIST_FILE</key>
				<string>Foo/Foo-Info.plist</string>
				<key>PRODUCT_NAME</key>
				<string>$(TARGET_NAME)</string>
				<key>WRAPPER_EXTENSION</key>
				<string>app</string>
			</dict>
			<key>isa</key>
			<string>XCBuildConfiguration</string>
			<key>name</key>
			<string>Release</string>
		</dict>
		<key>15A3290C1738242800DB6B7E</key>
		<dict>
			<key>buildConfigurations</key>
			<array>
				<string>15A3290D1738242800DB6B7E</string>
				<string>15A3290E1738242800DB6B7E</string>
			</array>
			<key>defaultConfigurationIsVisible</key>
			<string>0</string>
			<key>isa</key>
			<string>XCConfigurationList</string>
		</dict>
		<key>15A3290D1738242800DB6B7E</key>
		<dict>
			<key>baseConfigurationReference</key>
			<string>27C6B23D1EE7499FA88474BB</string>
			<key>buildSettings</key>
			<dict>
				<key>BUNDLE_LOADER</key>
				<string>$(BUILT_PRODUCTS_DIR)/Foo.app/Foo</string>
				<key>FRAMEWORK_SEARCH_PATHS</key>
				<array>
					<string>"$(SDKROOT)/Developer/Library/Frameworks"</string>
					<string>"$(DEVELOPER_LIBRARY_DIR)/Frameworks"</string>
				</array>
				<key>GCC_PRECOMPILE_PREFIX_HEADER</key>
				<string>YES</string>
				<key>GCC_PREFIX_HEADER</key>
				<string>Foo/Foo-Prefix.pch</string>
				<key>INFOPLIST_FILE</key>
				<string>FooTests/FooTests-Info.plist</string>
				<key>PRODUCT_NAME</key>
				<string>$(TARGET_NAME)</string>
				<key>TEST_HOST</key>
				<string>$(BUNDLE_LOADER)</string>
				<key>WRAPPER_EXTENSION</key>
				<string>octest</string>
			</dict>
			<key>isa</key>
			<string>XCBuildConfiguration</string>
			<key>name</key>
			<string>Debug</string>
		</dict>
		<key>15A3290E1738242800DB6B7E</key>
		<dict>
			<key>baseConfigurationReference</key>
			<string>27C6B23D1EE7499FA88474BB</string>
			<key>buildSettings</key>
			<dict>
				<key>BUNDLE_LOADER</key>
				<string>$(BUILT_PRODUCTS_DIR)/Foo.app/Foo</string>
				<key>FRAMEWORK_SEARCH_PATHS</key>
				<array>
					<string>"$(SDKROOT)/Developer/Library/Frameworks"</string>
					<string>"$(DEVELOPER_LIBRARY_DIR)/Frameworks"</string>
				</array>
				<key>GCC_PRECOMPILE_PREFIX_HEADER</key>
				<string>YES</string>
				<key>GCC_PREFIX_HEADER</key>
				<string>Foo/Foo-Prefix.pch</string>
				<key>INFOPLIST_FILE</key>
				<string>FooTests/FooTests-Info.plist</string>
				<key>PRODUCT_NAME</key>
				<string>$(TARGET_NAME)</string>
				<key>TEST_HOST</key>
				<string>$(BUNDLE_LOADER)</string>
				<key>WRAPPER_EXTENSION</key>
				<string>octest</string>
			</dict>
			<key>isa</key>
			<string>XCBuildConfiguration</string>
			<key>name</key>
			<string>Release</string>
		</dict>
		<key>27C6B23D1EE7499FA88474BB</key>
		<dict>
			<key>includeInIndex</key>
			<string>1</string>
			<key>isa</key>
			<string>PBXFileReference</string>
			<key>lastKnownFileType</key>
			<string>text.xcconfig</string>
			<key>name</key>
			<string>Pods-FooTests.xcconfig</string>
			<key>path</key>
			<string>Pods/Pods-FooTests.xcconfig</string>
			<key>sourceTree</key>
			<string>SOURCE_ROOT</string>
		</dict>
		<key>3A34FA8106E4400ABDEE903A</key>
		<dict>
			<key>fileRef</key>
			<string>0CCB2751DA434044A9382CB6</string>
			<key>isa</key>
			<string>PBXBuildFile</string>
			<key>settings</key>
			<dict/>
		</dict>
		<key>63417FE0796843B9AF47E1D3</key>
		<dict>
			<key>explicitFileType</key>
			<string>archive.ar</string>
			<key>includeInIndex</key>
			<string>0</string>
			<key>isa</key>
			<string>PBXFileReference</string>
			<key>name</key>
			<string>libPods-FooTests.a</string>
			<key>path</key>
			<string>libPods-FooTests.a</string>
			<key>sourceTree</key>
			<string>BUILT_PRODUCTS_DIR</string>
		</dict>
		<key>75AEF3AE179C4C0DA976E40C</key>
		<dict>
			<key>fileRef</key>
			<string>63417FE0796843B9AF47E1D3</string>
			<key>isa</key>
			<string>PBXBuildFile</string>
			<key>settings</key>
			<dict/>
		</dict>
		<key>A7FDD79BE557490598A011FF</key>
		<dict>
			<key>buildActionMask</key>
			<string>2147483647</string>
			<key>files</key>
			<array/>
			<key>inputPaths</key>
			<array/>
			<key>isa</key>
			<string>PBXShellScriptBuildPhase</string>
			<key>name</key>
			<string>Copy Pods Resources</string>
			<key>outputPaths</key>
			<array/>
			<key>runOnlyForDeploymentPostprocessing</key>
			<string>0</string>
			<key>shellPath</key>
			<string>/bin/sh</string>
			<key>shellScript</key>
			<string>"${SRCROOT}/Pods/Pods-FooTests-resources.sh"
</string>
			<key>showEnvVarsInLog</key>
			<string>1</string>
		</dict>
		<key>B657310646D24AAB9EF6370C</key>
		<dict>
			<key>buildActionMask</key>
			<string>2147483647</string>
			<key>files</key>
			<array/>
			<key>inputPaths</key>
			<array/>
			<key>isa</key>
			<string>PBXShellScriptBuildPhase</string>
			<key>name</key>
			<string>Copy Pods Resources</string>
			<key>outputPaths</key>
			<array/>
			<key>runOnlyForDeploymentPostprocessing</key>
			<string>0</string>
			<key>shellPath</key>
			<string>/bin/sh</string>
			<key>shellScript</key>
			<string>"${SRCROOT}/Pods/Pods-Foo-resources.sh"
</string>
			<key>showEnvVarsInLog</key>
			<string>1</string>
		</dict>
		<key>E42A6AF062ED43588B1603E4</key>
		<dict>
			<key>includeInIndex</key>
			<string>1</string>
			<key>isa</key>
			<string>PBXFileReference</string>
			<key>lastKnownFileType</key>
			<string>text.xcconfig</string>
			<key>name</key>
			<string>Pods-Foo.xcconfig</string>
			<key>path</key>
			<string>Pods/Pods-Foo.xcconfig</string>
			<key>sourceTree</key>
			<string>SOURCE_ROOT</string>
		</dict>
		<key>E87D65B94026449AA297880E</key>
		<dict>
			<key>buildActionMask</key>
			<string>2147483647</string>
			<key>files</key>
			<array/>
			<key>inputPaths</key>
			<array/>
			<key>isa</key>
			<string>PBXShellScriptBuildPhase</string>
			<key>name</key>
			<string>Check Pods Manifest.lock</string>
			<key>outputPaths</key>
			<array/>
			<key>runOnlyForDeploymentPostprocessing</key>
			<string>0</string>
			<key>shellPath</key>
			<string>/bin/sh</string>
			<key>shellScript</key>
			<string>diff "${PODS_ROOT}/../Podfile.lock" "${PODS_ROOT}/Manifest.lock" &gt; /dev/null
if [[ $? != 0 ]] ; then
    cat &lt;&lt; EOM
error: The sandbox is not in sync with the Podfile.lock. Run 'pod install' or update your CocoaPods installation.
EOM
    exit 1
fi
</string>
			<key>showEnvVarsInLog</key>
			<string>1</string>
		</dict>
	</dict>
	<key>rootObject</key>
	<string>15A328BD1738242700DB6B7E</string>
</dict>
</plist>
